
Microsoft Visual Studio Solution File, Format Version 12.00
# Visual Studio Version 16
VisualStudioVersion = 16.0.30717.126
MinimumVisualStudioVersion = 10.0.40219.1
Project("{FAE04EC0-301F-11D3-BF4B-00C04F79EFBC}") = "MyProjectThonchai.t", "MyProjectThonchai.t\MyProjectThonchai.t.csproj", "{62E694A1-A8DB-43CD-B765-306DE86C21BC}"
EndProject
Global
	GlobalSection(SolutionConfigurationPlatforms) = preSolution
		Debug|Any CPU = Debug|Any CPU
		Release|Any CPU = Release|Any CPU
	EndGlobalSection
	GlobalSection(ProjectConfigurationPlatforms) = postSolution
		{62E694A1-A8DB-43CD-B765-306DE86C21BC}.Debug|Any CPU.ActiveCfg = Debug|Any CPU
		{62E694A1-A8DB-43CD-B765-306DE86C21BC}.Debug|Any CPU.Build.0 = Debug|Any CPU
		{62E694A1-A8DB-43CD-B765-306DE86C21BC}.Release|Any CPU.ActiveCfg = Release|Any CPU
		{62E694A1-A8DB-43CD-B765-306DE86C21BC}.Release|Any CPU.Build.0 = Release|Any CPU
	EndGlobalSection
	GlobalSection(SolutionProperties) = preSolution
		HideSolutionNode = FALSE
	EndGlobalSection
	GlobalSection(ExtensibilityGlobals) = postSolution
		SolutionGuid = {241C9DEE-35FC-4C34-AA5E-B99C3A53D5E5}
	EndGlobalSection
EndGlobal
